// !$*UTF8*$!
{
	archiveVersion = 1;
	classes = {
	};
	objectVersion = 50;
	objects = {

/* Begin PBXBuildFile section */
		6D63A56322DFB76A00744459 /* FrasesTableViewController.swift in Sources */ = {isa = PBXBuildFile; fileRef = 6D63A56222DFB76A00744459 /* FrasesTableViewController.swift */; };
		6D63A56722DFC47800744459 /* FrasesCreatorController.swift in Sources */ = {isa = PBXBuildFile; fileRef = 6D63A56622DFC47800744459 /* FrasesCreatorController.swift */; };
		6D63A56922E3B88700744459 /* DetalheFraseCriadaViewController.swift in Sources */ = {isa = PBXBuildFile; fileRef = 6D63A56822E3B88700744459 /* DetalheFraseCriadaViewController.swift */; };
		6D791BC722F3757200ABDFBA /* EditDetalheViewController.swift in Sources */ = {isa = PBXBuildFile; fileRef = 6D791BC622F3757200ABDFBA /* EditDetalheViewController.swift */; };
		6DA0170E22D9329C00325837 /* AppDelegate.swift in Sources */ = {isa = PBXBuildFile; fileRef = 6DA0170D22D9329C00325837 /* AppDelegate.swift */; };
		6DA0171322D9329C00325837 /* Main.storyboard in Resources */ = {isa = PBXBuildFile; fileRef = 6DA0171122D9329C00325837 /* Main.storyboard */; };
		6DA0171622D9329C00325837 /* ChallengeFeriasNaturezaSelvagem.xcdatamodeld in Sources */ = {isa = PBXBuildFile; fileRef = 6DA0171422D9329C00325837 /* ChallengeFeriasNaturezaSelvagem.xcdatamodeld */; };
		6DA0171822D9329D00325837 /* Assets.xcassets in Resources */ = {isa = PBXBuildFile; fileRef = 6DA0171722D9329D00325837 /* Assets.xcassets */; };
		6DA0171B22D9329D00325837 /* LaunchScreen.storyboard in Resources */ = {isa = PBXBuildFile; fileRef = 6DA0171922D9329D00325837 /* LaunchScreen.storyboard */; };
		6DA0172622D9329D00325837 /* ChallengeFeriasNaturezaSelvagemTests.swift in Sources */ = {isa = PBXBuildFile; fileRef = 6DA0172522D9329D00325837 /* ChallengeFeriasNaturezaSelvagemTests.swift */; };
		6DA0173122D9329D00325837 /* ChallengeFeriasNaturezaSelvagemUITests.swift in Sources */ = {isa = PBXBuildFile; fileRef = 6DA0173022D9329D00325837 /* ChallengeFeriasNaturezaSelvagemUITests.swift */; };
		6DA0173F22DD0F8A00325837 /* InicioViewController.swift in Sources */ = {isa = PBXBuildFile; fileRef = 6DA0173E22DD0F8A00325837 /* InicioViewController.swift */; };
		6DA0174122DD10D100325837 /* ConfiguracoesViewController.swift in Sources */ = {isa = PBXBuildFile; fileRef = 6DA0174022DD10D100325837 /* ConfiguracoesViewController.swift */; };
		6DA0174322DD110700325837 /* AvisosViewController.swift in Sources */ = {isa = PBXBuildFile; fileRef = 6DA0174222DD110700325837 /* AvisosViewController.swift */; };
		6DA0174822DFB32F00325837 /* Frase+CoreDataClass.swift in Sources */ = {isa = PBXBuildFile; fileRef = 6DA0174622DFB32F00325837 /* Frase+CoreDataClass.swift */; };
		6DA0174922DFB32F00325837 /* Frase+CoreDataProperties.swift in Sources */ = {isa = PBXBuildFile; fileRef = 6DA0174722DFB32F00325837 /* Frase+CoreDataProperties.swift */; };
/* End PBXBuildFile section */

/* Begin PBXContainerItemProxy section */
		6DA0172222D9329D00325837 /* PBXContainerItemProxy */ = {
			isa = PBXContainerItemProxy;
			containerPortal = 6DA0170222D9329C00325837 /* Project object */;
			proxyType = 1;
			remoteGlobalIDString = 6DA0170922D9329C00325837;
			remoteInfo = ChallengeFeriasNaturezaSelvagem;
		};
		6DA0172D22D9329D00325837 /* PBXContainerItemProxy */ = {
			isa = PBXContainerItemProxy;
			containerPortal = 6DA0170222D9329C00325837 /* Project object */;
			proxyType = 1;
			remoteGlobalIDString = 6DA0170922D9329C00325837;
			remoteInfo = ChallengeFeriasNaturezaSelvagem;
		};
/* End PBXContainerItemProxy section */

/* Begin PBXFileReference section */
		6D63A56222DFB76A00744459 /* FrasesTableViewController.swift */ = {isa = PBXFileReference; lastKnownFileType = sourcecode.swift; path = FrasesTableViewController.swift; sourceTree = "<group>"; };
		6D63A56622DFC47800744459 /* FrasesCreatorController.swift */ = {isa = PBXFileReference; lastKnownFileType = sourcecode.swift; path = FrasesCreatorController.swift; sourceTree = "<group>"; };
		6D63A56822E3B88700744459 /* DetalheFraseCriadaViewController.swift */ = {isa = PBXFileReference; lastKnownFileType = sourcecode.swift; path = DetalheFraseCriadaViewController.swift; sourceTree = "<group>"; };
		6D791BC622F3757200ABDFBA /* EditDetalheViewController.swift */ = {isa = PBXFileReference; lastKnownFileType = sourcecode.swift; path = EditDetalheViewController.swift; sourceTree = "<group>"; };
		6DA0170A22D9329C00325837 /* Motus.app */ = {isa = PBXFileReference; explicitFileType = wrapper.application; includeInIndex = 0; path = Motus.app; sourceTree = BUILT_PRODUCTS_DIR; };
		6DA0170D22D9329C00325837 /* AppDelegate.swift */ = {isa = PBXFileReference; lastKnownFileType = sourcecode.swift; path = AppDelegate.swift; sourceTree = "<group>"; };
		6DA0171222D9329C00325837 /* Base */ = {isa = PBXFileReference; lastKnownFileType = file.storyboard; name = Base; path = Base.lproj/Main.storyboard; sourceTree = "<group>"; };
		6DA0171522D9329C00325837 /* ChallengeFeriasNaturezaSelvagem.xcdatamodel */ = {isa = PBXFileReference; lastKnownFileType = wrapper.xcdatamodel; path = ChallengeFeriasNaturezaSelvagem.xcdatamodel; sourceTree = "<group>"; };
		6DA0171722D9329D00325837 /* Assets.xcassets */ = {isa = PBXFileReference; lastKnownFileType = folder.assetcatalog; path = Assets.xcassets; sourceTree = "<group>"; };
		6DA0171A22D9329D00325837 /* Base */ = {isa = PBXFileReference; lastKnownFileType = file.storyboard; name = Base; path = Base.lproj/LaunchScreen.storyboard; sourceTree = "<group>"; };
		6DA0171C22D9329D00325837 /* Info.plist */ = {isa = PBXFileReference; lastKnownFileType = text.plist.xml; path = Info.plist; sourceTree = "<group>"; };
		6DA0172122D9329D00325837 /* MotusTests.xctest */ = {isa = PBXFileReference; explicitFileType = wrapper.cfbundle; includeInIndex = 0; path = MotusTests.xctest; sourceTree = BUILT_PRODUCTS_DIR; };
		6DA0172522D9329D00325837 /* ChallengeFeriasNaturezaSelvagemTests.swift */ = {isa = PBXFileReference; lastKnownFileType = sourcecode.swift; path = ChallengeFeriasNaturezaSelvagemTests.swift; sourceTree = "<group>"; };
		6DA0172722D9329D00325837 /* Info.plist */ = {isa = PBXFileReference; lastKnownFileType = text.plist.xml; path = Info.plist; sourceTree = "<group>"; };
		6DA0172C22D9329D00325837 /* MotusUITests.xctest */ = {isa = PBXFileReference; explicitFileType = wrapper.cfbundle; includeInIndex = 0; path = MotusUITests.xctest; sourceTree = BUILT_PRODUCTS_DIR; };
		6DA0173022D9329D00325837 /* ChallengeFeriasNaturezaSelvagemUITests.swift */ = {isa = PBXFileReference; lastKnownFileType = sourcecode.swift; path = ChallengeFeriasNaturezaSelvagemUITests.swift; sourceTree = "<group>"; };
		6DA0173222D9329D00325837 /* Info.plist */ = {isa = PBXFileReference; lastKnownFileType = text.plist.xml; path = Info.plist; sourceTree = "<group>"; };
		6DA0173E22DD0F8A00325837 /* InicioViewController.swift */ = {isa = PBXFileReference; lastKnownFileType = sourcecode.swift; path = InicioViewController.swift; sourceTree = "<group>"; };
		6DA0174022DD10D100325837 /* ConfiguracoesViewController.swift */ = {isa = PBXFileReference; lastKnownFileType = sourcecode.swift; path = ConfiguracoesViewController.swift; sourceTree = "<group>"; };
		6DA0174222DD110700325837 /* AvisosViewController.swift */ = {isa = PBXFileReference; lastKnownFileType = sourcecode.swift; path = AvisosViewController.swift; sourceTree = "<group>"; };
		6DA0174622DFB32F00325837 /* Frase+CoreDataClass.swift */ = {isa = PBXFileReference; lastKnownFileType = sourcecode.swift; path = "Frase+CoreDataClass.swift"; sourceTree = "<group>"; };
		6DA0174722DFB32F00325837 /* Frase+CoreDataProperties.swift */ = {isa = PBXFileReference; lastKnownFileType = sourcecode.swift; path = "Frase+CoreDataProperties.swift"; sourceTree = "<group>"; };
/* End PBXFileReference section */

/* Begin PBXFrameworksBuildPhase section */
		6DA0170722D9329C00325837 /* Frameworks */ = {
			isa = PBXFrameworksBuildPhase;
			buildActionMask = 2147483647;
			files = (
			);
			runOnlyForDeploymentPostprocessing = 0;
		};
		6DA0171E22D9329D00325837 /* Frameworks */ = {
			isa = PBXFrameworksBuildPhase;
			buildActionMask = 2147483647;
			files = (
			);
			runOnlyForDeploymentPostprocessing = 0;
		};
		6DA0172922D9329D00325837 /* Frameworks */ = {
			isa = PBXFrameworksBuildPhase;
			buildActionMask = 2147483647;
			files = (
			);
			runOnlyForDeploymentPostprocessing = 0;
		};
/* End PBXFrameworksBuildPhase section */

/* Begin PBXGroup section */
		6D63A56422DFC3C200744459 /* View */ = {
			isa = PBXGroup;
			children = (
				6DA0171122D9329C00325837 /* Main.storyboard */,
			);
			path = View;
			sourceTree = "<group>";
		};
		6D63A56522DFC3CB00744459 /* Controller */ = {
			isa = PBXGroup;
			children = (
				6DA0173E22DD0F8A00325837 /* InicioViewController.swift */,
				6D63A56222DFB76A00744459 /* FrasesTableViewController.swift */,
				6D63A56822E3B88700744459 /* DetalheFraseCriadaViewController.swift */,
				6D791BC622F3757200ABDFBA /* EditDetalheViewController.swift */,
				6D63A56622DFC47800744459 /* FrasesCreatorController.swift */,
				6DA0174022DD10D100325837 /* ConfiguracoesViewController.swift */,
				6DA0174222DD110700325837 /* AvisosViewController.swift */,
			);
			path = Controller;
			sourceTree = "<group>";
		};
		6DA0170122D9329C00325837 = {
			isa = PBXGroup;
			children = (
				6DA0170C22D9329C00325837 /* ChallengeFeriasNaturezaSelvagem */,
				6DA0172422D9329D00325837 /* ChallengeFeriasNaturezaSelvagemTests */,
				6DA0172F22D9329D00325837 /* ChallengeFeriasNaturezaSelvagemUITests */,
				6DA0170B22D9329C00325837 /* Products */,
			);
			sourceTree = "<group>";
		};
		6DA0170B22D9329C00325837 /* Products */ = {
			isa = PBXGroup;
			children = (
				6DA0170A22D9329C00325837 /* Motus.app */,
				6DA0172122D9329D00325837 /* MotusTests.xctest */,
				6DA0172C22D9329D00325837 /* MotusUITests.xctest */,
			);
			name = Products;
			sourceTree = "<group>";
		};
		6DA0170C22D9329C00325837 /* ChallengeFeriasNaturezaSelvagem */ = {
			isa = PBXGroup;
			children = (
				6DA0174A22DFB34C00325837 /* Model */,
				6D63A56422DFC3C200744459 /* View */,
				6D63A56522DFC3CB00744459 /* Controller */,
				6DA0170D22D9329C00325837 /* AppDelegate.swift */,
				6DA0171722D9329D00325837 /* Assets.xcassets */,
				6DA0171922D9329D00325837 /* LaunchScreen.storyboard */,
				6DA0171C22D9329D00325837 /* Info.plist */,
			);
			path = ChallengeFeriasNaturezaSelvagem;
			sourceTree = "<group>";
		};
		6DA0172422D9329D00325837 /* ChallengeFeriasNaturezaSelvagemTests */ = {
			isa = PBXGroup;
			children = (
				6DA0172522D9329D00325837 /* ChallengeFeriasNaturezaSelvagemTests.swift */,
				6DA0172722D9329D00325837 /* Info.plist */,
			);
			path = ChallengeFeriasNaturezaSelvagemTests;
			sourceTree = "<group>";
		};
		6DA0172F22D9329D00325837 /* ChallengeFeriasNaturezaSelvagemUITests */ = {
			isa = PBXGroup;
			children = (
				6DA0173022D9329D00325837 /* ChallengeFeriasNaturezaSelvagemUITests.swift */,
				6DA0173222D9329D00325837 /* Info.plist */,
			);
			path = ChallengeFeriasNaturezaSelvagemUITests;
			sourceTree = "<group>";
		};
		6DA0174A22DFB34C00325837 /* Model */ = {
			isa = PBXGroup;
			children = (
				6DA0174622DFB32F00325837 /* Frase+CoreDataClass.swift */,
				6DA0174722DFB32F00325837 /* Frase+CoreDataProperties.swift */,
				6DA0171422D9329C00325837 /* ChallengeFeriasNaturezaSelvagem.xcdatamodeld */,
			);
			path = Model;
			sourceTree = "<group>";
		};
/* End PBXGroup section */

/* Begin PBXNativeTarget section */
		6DA0170922D9329C00325837 /* Motus */ = {
			isa = PBXNativeTarget;
			buildConfigurationList = 6DA0173522D9329D00325837 /* Build configuration list for PBXNativeTarget "Motus" */;
			buildPhases = (
				6DA0170622D9329C00325837 /* Sources */,
				6DA0170722D9329C00325837 /* Frameworks */,
				6DA0170822D9329C00325837 /* Resources */,
			);
			buildRules = (
			);
			dependencies = (
			);
			name = Motus;
			productName = ChallengeFeriasNaturezaSelvagem;
			productReference = 6DA0170A22D9329C00325837 /* Motus.app */;
			productType = "com.apple.product-type.application";
		};
		6DA0172022D9329D00325837 /* MotusTests */ = {
			isa = PBXNativeTarget;
			buildConfigurationList = 6DA0173822D9329D00325837 /* Build configuration list for PBXNativeTarget "MotusTests" */;
			buildPhases = (
				6DA0171D22D9329D00325837 /* Sources */,
				6DA0171E22D9329D00325837 /* Frameworks */,
				6DA0171F22D9329D00325837 /* Resources */,
			);
			buildRules = (
			);
			dependencies = (
				6DA0172322D9329D00325837 /* PBXTargetDependency */,
			);
			name = MotusTests;
			productName = ChallengeFeriasNaturezaSelvagemTests;
			productReference = 6DA0172122D9329D00325837 /* MotusTests.xctest */;
			productType = "com.apple.product-type.bundle.unit-test";
		};
		6DA0172B22D9329D00325837 /* MotusUITests */ = {
			isa = PBXNativeTarget;
			buildConfigurationList = 6DA0173B22D9329D00325837 /* Build configuration list for PBXNativeTarget "MotusUITests" */;
			buildPhases = (
				6DA0172822D9329D00325837 /* Sources */,
				6DA0172922D9329D00325837 /* Frameworks */,
				6DA0172A22D9329D00325837 /* Resources */,
			);
			buildRules = (
			);
			dependencies = (
				6DA0172E22D9329D00325837 /* PBXTargetDependency */,
			);
			name = MotusUITests;
			productName = ChallengeFeriasNaturezaSelvagemUITests;
			productReference = 6DA0172C22D9329D00325837 /* MotusUITests.xctest */;
			productType = "com.apple.product-type.bundle.ui-testing";
		};
/* End PBXNativeTarget section */

/* Begin PBXProject section */
		6DA0170222D9329C00325837 /* Project object */ = {
			isa = PBXProject;
			attributes = {
				LastSwiftUpdateCheck = 1020;
				LastUpgradeCheck = 1020;
				ORGANIZATIONNAME = "Luiz Henrique Monteiro de Carvalho";
				TargetAttributes = {
					6DA0170922D9329C00325837 = {
						CreatedOnToolsVersion = 10.2.1;
					};
					6DA0172022D9329D00325837 = {
						CreatedOnToolsVersion = 10.2.1;
						TestTargetID = 6DA0170922D9329C00325837;
					};
					6DA0172B22D9329D00325837 = {
						CreatedOnToolsVersion = 10.2.1;
						TestTargetID = 6DA0170922D9329C00325837;
					};
				};
			};
			buildConfigurationList = 6DA0170522D9329C00325837 /* Build configuration list for PBXProject "Motus" */;
			compatibilityVersion = "Xcode 9.3";
			developmentRegion = en;
			hasScannedForEncodings = 0;
			knownRegions = (
				en,
				Base,
			);
			mainGroup = 6DA0170122D9329C00325837;
			productRefGroup = 6DA0170B22D9329C00325837 /* Products */;
			projectDirPath = "";
			projectRoot = "";
			targets = (
				6DA0170922D9329C00325837 /* Motus */,
				6DA0172022D9329D00325837 /* MotusTests */,
				6DA0172B22D9329D00325837 /* MotusUITests */,
			);
		};
/* End PBXProject section */

/* Begin PBXResourcesBuildPhase section */
		6DA0170822D9329C00325837 /* Resources */ = {
			isa = PBXResourcesBuildPhase;
			buildActionMask = 2147483647;
			files = (
				6DA0171B22D9329D00325837 /* LaunchScreen.storyboard in Resources */,
				6DA0171822D9329D00325837 /* Assets.xcassets in Resources */,
				6DA0171322D9329C00325837 /* Main.storyboard in Resources */,
			);
			runOnlyForDeploymentPostprocessing = 0;
		};
		6DA0171F22D9329D00325837 /* Resources */ = {
			isa = PBXResourcesBuildPhase;
			buildActionMask = 2147483647;
			files = (
			);
			runOnlyForDeploymentPostprocessing = 0;
		};
		6DA0172A22D9329D00325837 /* Resources */ = {
			isa = PBXResourcesBuildPhase;
			buildActionMask = 2147483647;
			files = (
			);
			runOnlyForDeploymentPostprocessing = 0;
		};
/* End PBXResourcesBuildPhase section */

/* Begin PBXSourcesBuildPhase section */
		6DA0170622D9329C00325837 /* Sources */ = {
			isa = PBXSourcesBuildPhase;
			buildActionMask = 2147483647;
			files = (
				6D63A56922E3B88700744459 /* DetalheFraseCriadaViewController.swift in Sources */,
				6DA0174822DFB32F00325837 /* Frase+CoreDataClass.swift in Sources */,
				6DA0174322DD110700325837 /* AvisosViewController.swift in Sources */,
				6DA0171622D9329C00325837 /* ChallengeFeriasNaturezaSelvagem.xcdatamodeld in Sources */,
				6DA0174922DFB32F00325837 /* Frase+CoreDataProperties.swift in Sources */,
				6DA0170E22D9329C00325837 /* AppDelegate.swift in Sources */,
				6D791BC722F3757200ABDFBA /* EditDetalheViewController.swift in Sources */,
				6DA0174122DD10D100325837 /* ConfiguracoesViewController.swift in Sources */,
				6D63A56722DFC47800744459 /* FrasesCreatorController.swift in Sources */,
				6DA0173F22DD0F8A00325837 /* InicioViewController.swift in Sources */,
				6D63A56322DFB76A00744459 /* FrasesTableViewController.swift in Sources */,
			);
			runOnlyForDeploymentPostprocessing = 0;
		};
		6DA0171D22D9329D00325837 /* Sources */ = {
			isa = PBXSourcesBuildPhase;
			buildActionMask = 2147483647;
			files = (
				6DA0172622D9329D00325837 /* ChallengeFeriasNaturezaSelvagemTests.swift in Sources */,
			);
			runOnlyForDeploymentPostprocessing = 0;
		};
		6DA0172822D9329D00325837 /* Sources */ = {
			isa = PBXSourcesBuildPhase;
			buildActionMask = 2147483647;
			files = (
				6DA0173122D9329D00325837 /* ChallengeFeriasNaturezaSelvagemUITests.swift in Sources */,
			);
			runOnlyForDeploymentPostprocessing = 0;
		};
/* End PBXSourcesBuildPhase section */

/* Begin PBXTargetDependency section */
		6DA0172322D9329D00325837 /* PBXTargetDependency */ = {
			isa = PBXTargetDependency;
			target = 6DA0170922D9329C00325837 /* Motus */;
			targetProxy = 6DA0172222D9329D00325837 /* PBXContainerItemProxy */;
		};
		6DA0172E22D9329D00325837 /* PBXTargetDependency */ = {
			isa = PBXTargetDependency;
			target = 6DA0170922D9329C00325837 /* Motus */;
			targetProxy = 6DA0172D22D9329D00325837 /* PBXContainerItemProxy */;
		};
/* End PBXTargetDependency section */

/* Begin PBXVariantGroup section */
		6DA0171122D9329C00325837 /* Main.storyboard */ = {
			isa = PBXVariantGroup;
			children = (
				6DA0171222D9329C00325837 /* Base */,
			);
			name = Main.storyboard;
			sourceTree = "<group>";
		};
		6DA0171922D9329D00325837 /* LaunchScreen.storyboard */ = {
			isa = PBXVariantGroup;
			children = (
				6DA0171A22D9329D00325837 /* Base */,
			);
			name = LaunchScreen.storyboard;
			sourceTree = "<group>";
		};
/* End PBXVariantGroup section */

/* Begin XCBuildConfiguration section */
		6DA0173322D9329D00325837 /* Debug */ = {
			isa = XCBuildConfiguration;
			buildSettings = {
				ALWAYS_SEARCH_USER_PATHS = NO;
				CLANG_ANALYZER_NONNULL = YES;
				CLANG_ANALYZER_NUMBER_OBJECT_CONVERSION = YES_AGGRESSIVE;
				CLANG_CXX_LANGUAGE_STANDARD = "gnu++14";
				CLANG_CXX_LIBRARY = "libc++";
				CLANG_ENABLE_MODULES = YES;
				CLANG_ENABLE_OBJC_ARC = YES;
				CLANG_ENABLE_OBJC_WEAK = YES;
				CLANG_WARN_BLOCK_CAPTURE_AUTORELEASING = YES;
				CLANG_WARN_BOOL_CONVERSION = YES;
				CLANG_WARN_COMMA = YES;
				CLANG_WARN_CONSTANT_CONVERSION = YES;
				CLANG_WARN_DEPRECATED_OBJC_IMPLEMENTATIONS = YES;
				CLANG_WARN_DIRECT_OBJC_ISA_USAGE = YES_ERROR;
				CLANG_WARN_DOCUMENTATION_COMMENTS = YES;
				CLANG_WARN_EMPTY_BODY = YES;
				CLANG_WARN_ENUM_CONVERSION = YES;
				CLANG_WARN_INFINITE_RECURSION = YES;
				CLANG_WARN_INT_CONVERSION = YES;
				CLANG_WARN_NON_LITERAL_NULL_CONVERSION = YES;
				CLANG_WARN_OBJC_IMPLICIT_RETAIN_SELF = YES;
				CLANG_WARN_OBJC_LITERAL_CONVERSION = YES;
				CLANG_WARN_OBJC_ROOT_CLASS = YES_ERROR;
				CLANG_WARN_RANGE_LOOP_ANALYSIS = YES;
				CLANG_WARN_STRICT_PROTOTYPES = YES;
				CLANG_WARN_SUSPICIOUS_MOVE = YES;
				CLANG_WARN_UNGUARDED_AVAILABILITY = YES_AGGRESSIVE;
				CLANG_WARN_UNREACHABLE_CODE = YES;
				CLANG_WARN__DUPLICATE_METHOD_MATCH = YES;
				CODE_SIGN_IDENTITY = "iPhone Developer";
				COPY_PHASE_STRIP = NO;
				DEBUG_INFORMATION_FORMAT = dwarf;
				ENABLE_STRICT_OBJC_MSGSEND = YES;
				ENABLE_TESTABILITY = YES;
				GCC_C_LANGUAGE_STANDARD = gnu11;
				GCC_DYNAMIC_NO_PIC = NO;
				GCC_NO_COMMON_BLOCKS = YES;
				GCC_OPTIMIZATION_LEVEL = 0;
				GCC_PREPROCESSOR_DEFINITIONS = (
					"DEBUG=1",
					"$(inherited)",
				);
				GCC_WARN_64_TO_32_BIT_CONVERSION = YES;
				GCC_WARN_ABOUT_RETURN_TYPE = YES_ERROR;
				GCC_WARN_UNDECLARED_SELECTOR = YES;
				GCC_WARN_UNINITIALIZED_AUTOS = YES_AGGRESSIVE;
				GCC_WARN_UNUSED_FUNCTION = YES;
				GCC_WARN_UNUSED_VARIABLE = YES;
				IPHONEOS_DEPLOYMENT_TARGET = 12.2;
				MTL_ENABLE_DEBUG_INFO = INCLUDE_SOURCE;
				MTL_FAST_MATH = YES;
				ONLY_ACTIVE_ARCH = YES;
				SDKROOT = iphoneos;
				SWIFT_ACTIVE_COMPILATION_CONDITIONS = DEBUG;
				SWIFT_OPTIMIZATION_LEVEL = "-Onone";
			};
			name = Debug;
		};
		6DA0173422D9329D00325837 /* Release */ = {
			isa = XCBuildConfiguration;
			buildSettings = {
				ALWAYS_SEARCH_USER_PATHS = NO;
				CLANG_ANALYZER_NONNULL = YES;
				CLANG_ANALYZER_NUMBER_OBJECT_CONVERSION = YES_AGGRESSIVE;
				CLANG_CXX_LANGUAGE_STANDARD = "gnu++14";
				CLANG_CXX_LIBRARY = "libc++";
				CLANG_ENABLE_MODULES = YES;
				CLANG_ENABLE_OBJC_ARC = YES;
				CLANG_ENABLE_OBJC_WEAK = YES;
				CLANG_WARN_BLOCK_CAPTURE_AUTORELEASING = YES;
				CLANG_WARN_BOOL_CONVERSION = YES;
				CLANG_WARN_COMMA = YES;
				CLANG_WARN_CONSTANT_CONVERSION = YES;
				CLANG_WARN_DEPRECATED_OBJC_IMPLEMENTATIONS = YES;
				CLANG_WARN_DIRECT_OBJC_ISA_USAGE = YES_ERROR;
				CLANG_WARN_DOCUMENTATION_COMMENTS = YES;
				CLANG_WARN_EMPTY_BODY = YES;
				CLANG_WARN_ENUM_CONVERSION = YES;
				CLANG_WARN_INFINITE_RECURSION = YES;
				CLANG_WARN_INT_CONVERSION = YES;
				CLANG_WARN_NON_LITERAL_NULL_CONVERSION = YES;
				CLANG_WARN_OBJC_IMPLICIT_RETAIN_SELF = YES;
				CLANG_WARN_OBJC_LITERAL_CONVERSION = YES;
				CLANG_WARN_OBJC_ROOT_CLASS = YES_ERROR;
				CLANG_WARN_RANGE_LOOP_ANALYSIS = YES;
				CLANG_WARN_STRICT_PROTOTYPES = YES;
				CLANG_WARN_SUSPICIOUS_MOVE = YES;
				CLANG_WARN_UNGUARDED_AVAILABILITY = YES_AGGRESSIVE;
				CLANG_WARN_UNREACHABLE_CODE = YES;
				CLANG_WARN__DUPLICATE_METHOD_MATCH = YES;
				CODE_SIGN_IDENTITY = "iPhone Developer";
				COPY_PHASE_STRIP = NO;
				DEBUG_INFORMATION_FORMAT = "dwarf-with-dsym";
				ENABLE_NS_ASSERTIONS = NO;
				ENABLE_STRICT_OBJC_MSGSEND = YES;
				GCC_C_LANGUAGE_STANDARD = gnu11;
				GCC_NO_COMMON_BLOCKS = YES;
				GCC_WARN_64_TO_32_BIT_CONVERSION = YES;
				GCC_WARN_ABOUT_RETURN_TYPE = YES_ERROR;
				GCC_WARN_UNDECLARED_SELECTOR = YES;
				GCC_WARN_UNINITIALIZED_AUTOS = YES_AGGRESSIVE;
				GCC_WARN_UNUSED_FUNCTION = YES;
				GCC_WARN_UNUSED_VARIABLE = YES;
				IPHONEOS_DEPLOYMENT_TARGET = 12.2;
				MTL_ENABLE_DEBUG_INFO = NO;
				MTL_FAST_MATH = YES;
				SDKROOT = iphoneos;
				SWIFT_COMPILATION_MODE = wholemodule;
				SWIFT_OPTIMIZATION_LEVEL = "-O";
				VALIDATE_PRODUCT = YES;
			};
			name = Release;
		};
		6DA0173622D9329D00325837 /* Debug */ = {
			isa = XCBuildConfiguration;
			buildSettings = {
				ASSETCATALOG_COMPILER_APPICON_NAME = AppIcon;
				CODE_SIGN_STYLE = Automatic;
				DEVELOPMENT_TEAM = WCTJN36MFX;
				INFOPLIST_FILE = ChallengeFeriasNaturezaSelvagem/Info.plist;
				LD_RUNPATH_SEARCH_PATHS = (
					"$(inherited)",
					"@executable_path/Frameworks",
				);
				PRODUCT_BUNDLE_IDENTIFIER = NaturezaSelvagem.ChallengeFeriasNaturezaSelvagem;
				PRODUCT_NAME = "$(TARGET_NAME)";
				SWIFT_VERSION = 5.0;
				TARGETED_DEVICE_FAMILY = "1,2";
			};
			name = Debug;
		};
		6DA0173722D9329D00325837 /* Release */ = {
			isa = XCBuildConfiguration;
			buildSettings = {
				ASSETCATALOG_COMPILER_APPICON_NAME = AppIcon;
				CODE_SIGN_STYLE = Automatic;
				DEVELOPMENT_TEAM = WCTJN36MFX;
				INFOPLIST_FILE = ChallengeFeriasNaturezaSelvagem/Info.plist;
				LD_RUNPATH_SEARCH_PATHS = (
					"$(inherited)",
					"@executable_path/Frameworks",
				);
				PRODUCT_BUNDLE_IDENTIFIER = NaturezaSelvagem.ChallengeFeriasNaturezaSelvagem;
				PRODUCT_NAME = "$(TARGET_NAME)";
				SWIFT_VERSION = 5.0;
				TARGETED_DEVICE_FAMILY = "1,2";
			};
			name = Release;
		};
		6DA0173922D9329D00325837 /* Debug */ = {
			isa = XCBuildConfiguration;
			buildSettings = {
				ALWAYS_EMBED_SWIFT_STANDARD_LIBRARIES = YES;
				BUNDLE_LOADER = "$(TEST_HOST)";
				CODE_SIGN_STYLE = Automatic;
				DEVELOPMENT_TEAM = WCTJN36MFX;
				INFOPLIST_FILE = ChallengeFeriasNaturezaSelvagemTests/Info.plist;
				LD_RUNPATH_SEARCH_PATHS = (
					"$(inherited)",
					"@executable_path/Frameworks",
					"@loader_path/Frameworks",
				);
				PRODUCT_BUNDLE_IDENTIFIER = NaturezaSelvagem.ChallengeFeriasNaturezaSelvagemTests;
				PRODUCT_NAME = "$(TARGET_NAME)";
				SWIFT_VERSION = 5.0;
				TARGETED_DEVICE_FAMILY = "1,2";
				TEST_HOST = "$(BUILT_PRODUCTS_DIR)/Motus.app/Motus";
			};
			name = Debug;
		};
		6DA0173A22D9329D00325837 /* Release */ = {
			isa = XCBuildConfiguration;
			buildSettings = {
				ALWAYS_EMBED_SWIFT_STANDARD_LIBRARIES = YES;
				BUNDLE_LOADER = "$(TEST_HOST)";
				CODE_SIGN_STYLE = Automatic;
				DEVELOPMENT_TEAM = WCTJN36MFX;
				INFOPLIST_FILE = ChallengeFeriasNaturezaSelvagemTests/Info.plist;
				LD_RUNPATH_SEARCH_PATHS = (
					"$(inherited)",
					"@executable_path/Frameworks",
					"@loader_path/Frameworks",
				);
				PRODUCT_BUNDLE_IDENTIFIER = NaturezaSelvagem.ChallengeFeriasNaturezaSelvagemTests;
				PRODUCT_NAME = "$(TARGET_NAME)";
				SWIFT_VERSION = 5.0;
				TARGETED_DEVICE_FAMILY = "1,2";
				TEST_HOST = "$(BUILT_PRODUCTS_DIR)/Motus.app/Motus";
			};
			name = Release;
		};
		6DA0173C22D9329D00325837 /* Debug */ = {
			isa = XCBuildConfiguration;
			buildSettings = {
				ALWAYS_EMBED_SWIFT_STANDARD_LIBRARIES = YES;
				CODE_SIGN_STYLE = Automatic;
				DEVELOPMENT_TEAM = WCTJN36MFX;
				INFOPLIST_FILE = ChallengeFeriasNaturezaSelvagemUITests/Info.plist;
				LD_RUNPATH_SEARCH_PATHS = (
					"$(inherited)",
					"@executable_path/Frameworks",
					"@loader_path/Frameworks",
				);
				PRODUCT_BUNDLE_IDENTIFIER = NaturezaSelvagem.ChallengeFeriasNaturezaSelvagemUITests;
				PRODUCT_NAME = "$(TARGET_NAME)";
				SWIFT_VERSION = 5.0;
				TARGETED_DEVICE_FAMILY = "1,2";
				TEST_TARGET_NAME = ChallengeFeriasNaturezaSelvagem;
			};
			name = Debug;
		};
		6DA0173D22D9329D00325837 /* Release */ = {
			isa = XCBuildConfiguration;
			buildSettings = {
				ALWAYS_EMBED_SWIFT_STANDARD_LIBRARIES = YES;
				CODE_SIGN_STYLE = Automatic;
				DEVELOPMENT_TEAM = WCTJN36MFX;
				INFOPLIST_FILE = ChallengeFeriasNaturezaSelvagemUITests/Info.plist;
				LD_RUNPATH_SEARCH_PATHS = (
					"$(inherited)",
					"@executable_path/Frameworks",
					"@loader_path/Frameworks",
				);
				PRODUCT_BUNDLE_IDENTIFIER = NaturezaSelvagem.ChallengeFeriasNaturezaSelvagemUITests;
				PRODUCT_NAME = "$(TARGET_NAME)";
				SWIFT_VERSION = 5.0;
				TARGETED_DEVICE_FAMILY = "1,2";
				TEST_TARGET_NAME = ChallengeFeriasNaturezaSelvagem;
			};
			name = Release;
		};
/* End XCBuildConfiguration section */

/* Begin XCConfigurationList section */
		6DA0170522D9329C00325837 /* Build configuration list for PBXProject "Motus" */ = {
			isa = XCConfigurationList;
			buildConfigurations = (
				6DA0173322D9329D00325837 /* Debug */,
				6DA0173422D9329D00325837 /* Release */,
			);
			defaultConfigurationIsVisible = 0;
			defaultConfigurationName = Release;
		};
		6DA0173522D9329D00325837 /* Build configuration list for PBXNativeTarget "Motus" */ = {
			isa = XCConfigurationList;
			buildConfigurations = (
				6DA0173622D9329D00325837 /* Debug */,
				6DA0173722D9329D00325837 /* Release */,
			);
			defaultConfigurationIsVisible = 0;
			defaultConfigurationName = Release;
		};
		6DA0173822D9329D00325837 /* Build configuration list for PBXNativeTarget "MotusTests" */ = {
			isa = XCConfigurationList;
			buildConfigurations = (
				6DA0173922D9329D00325837 /* Debug */,
				6DA0173A22D9329D00325837 /* Release */,
			);
			defaultConfigurationIsVisible = 0;
			defaultConfigurationName = Release;
		};
		6DA0173B22D9329D00325837 /* Build configuration list for PBXNativeTarget "MotusUITests" */ = {
			isa = XCConfigurationList;
			buildConfigurations = (
				6DA0173C22D9329D00325837 /* Debug */,
				6DA0173D22D9329D00325837 /* Release */,
			);
			defaultConfigurationIsVisible = 0;
			defaultConfigurationName = Release;
		};
/* End XCConfigurationList section */

/* Begin XCVersionGroup section */
		6DA0171422D9329C00325837 /* ChallengeFeriasNaturezaSelvagem.xcdatamodeld */ = {
			isa = XCVersionGroup;
			children = (
				6DA0171522D9329C00325837 /* ChallengeFeriasNaturezaSelvagem.xcdatamodel */,
			);
			currentVersion = 6DA0171522D9329C00325837 /* ChallengeFeriasNaturezaSelvagem.xcdatamodel */;
			path = ChallengeFeriasNaturezaSelvagem.xcdatamodeld;
			sourceTree = "<group>";
			versionGroupType = wrapper.xcdatamodel;
		};
/* End XCVersionGroup section */
	};
	rootObject = 6DA0170222D9329C00325837 /* Project object */;
}
